// !$*UTF8*$!
{
	archiveVersion = 1;
	classes = {
	};
	objectVersion = 55;
	objects = {

/* Begin PBXBuildFile section */
		55969E83281682D70030B938 /* Bundle-Decodable.swift in Sources */ = {isa = PBXBuildFile; fileRef = 55969E82281682D70030B938 /* Bundle-Decodable.swift */; };
		55969E85281683050030B938 /* SectionHeader.swift in Sources */ = {isa = PBXBuildFile; fileRef = 55969E84281683050030B938 /* SectionHeader.swift */; };
		55969E872816830F0030B938 /* App.swift in Sources */ = {isa = PBXBuildFile; fileRef = 55969E862816830F0030B938 /* App.swift */; };
		55969E892816831B0030B938 /* FeaturedCell.swift in Sources */ = {isa = PBXBuildFile; fileRef = 55969E882816831B0030B938 /* FeaturedCell.swift */; };
		55969E8B281683240030B938 /* MediumTableCell.swift in Sources */ = {isa = PBXBuildFile; fileRef = 55969E8A281683240030B938 /* MediumTableCell.swift */; };
		55969E8D281683290030B938 /* Section.swift in Sources */ = {isa = PBXBuildFile; fileRef = 55969E8C281683290030B938 /* Section.swift */; };
		55969E8F281683300030B938 /* SelfConfiguringCell.swift in Sources */ = {isa = PBXBuildFile; fileRef = 55969E8E281683300030B938 /* SelfConfiguringCell.swift */; };
		55969E91281683380030B938 /* SmallTableCell.swift in Sources */ = {isa = PBXBuildFile; fileRef = 55969E90281683380030B938 /* SmallTableCell.swift */; };
		9D38B932281391E300B3ED90 /* CreatePostVC.swift in Sources */ = {isa = PBXBuildFile; fileRef = 9D38B931281391E300B3ED90 /* CreatePostVC.swift */; };
		9D38B9342813D57E00B3ED90 /* ProfilePostCell.swift in Sources */ = {isa = PBXBuildFile; fileRef = 9D38B9332813D57E00B3ED90 /* ProfilePostCell.swift */; };
		9D38B9362813DB8800B3ED90 /* ProfilePostPreviewVC.swift in Sources */ = {isa = PBXBuildFile; fileRef = 9D38B9352813DB8800B3ED90 /* ProfilePostPreviewVC.swift */; };
		9D51C0002807AEA20056CBF5 /* AppDelegate.swift in Sources */ = {isa = PBXBuildFile; fileRef = 9D51BFFF2807AEA20056CBF5 /* AppDelegate.swift */; };
		9D51C0022807AEA20056CBF5 /* SceneDelegate.swift in Sources */ = {isa = PBXBuildFile; fileRef = 9D51C0012807AEA20056CBF5 /* SceneDelegate.swift */; };
		9D51C0042807AEA20056CBF5 /* ViewController.swift in Sources */ = {isa = PBXBuildFile; fileRef = 9D51C0032807AEA20056CBF5 /* ViewController.swift */; };
		9D51C0072807AEA20056CBF5 /* Main.storyboard in Resources */ = {isa = PBXBuildFile; fileRef = 9D51C0052807AEA20056CBF5 /* Main.storyboard */; };
		9D51C0092807AEA30056CBF5 /* Assets.xcassets in Resources */ = {isa = PBXBuildFile; fileRef = 9D51C0082807AEA30056CBF5 /* Assets.xcassets */; };
		9D51C00C2807AEA30056CBF5 /* LaunchScreen.storyboard in Resources */ = {isa = PBXBuildFile; fileRef = 9D51C00A2807AEA30056CBF5 /* LaunchScreen.storyboard */; };
		9D51C0172808F4260056CBF5 /* FirebaseAnalytics in Frameworks */ = {isa = PBXBuildFile; productRef = 9D51C0162808F4260056CBF5 /* FirebaseAnalytics */; };
		9D51C0192808F4260056CBF5 /* FirebaseAnalyticsSwift-Beta in Frameworks */ = {isa = PBXBuildFile; productRef = 9D51C0182808F4260056CBF5 /* FirebaseAnalyticsSwift-Beta */; };
		9D51C01B2808F4260056CBF5 /* FirebaseAnalyticsWithoutAdIdSupport in Frameworks */ = {isa = PBXBuildFile; productRef = 9D51C01A2808F4260056CBF5 /* FirebaseAnalyticsWithoutAdIdSupport */; };
		9D51C01D2808F4260056CBF5 /* FirebaseAppCheck in Frameworks */ = {isa = PBXBuildFile; productRef = 9D51C01C2808F4260056CBF5 /* FirebaseAppCheck */; };
		9D51C01F2808F4260056CBF5 /* FirebaseAppDistribution-Beta in Frameworks */ = {isa = PBXBuildFile; productRef = 9D51C01E2808F4260056CBF5 /* FirebaseAppDistribution-Beta */; };
		9D51C0212808F4260056CBF5 /* FirebaseAuth in Frameworks */ = {isa = PBXBuildFile; productRef = 9D51C0202808F4260056CBF5 /* FirebaseAuth */; };
		9D51C0232808F4260056CBF5 /* FirebaseAuthCombine-Community in Frameworks */ = {isa = PBXBuildFile; productRef = 9D51C0222808F4260056CBF5 /* FirebaseAuthCombine-Community */; };
		9D51C0252808F4260056CBF5 /* FirebaseCrashlytics in Frameworks */ = {isa = PBXBuildFile; productRef = 9D51C0242808F4260056CBF5 /* FirebaseCrashlytics */; };
		9D51C0272808F4260056CBF5 /* FirebaseDatabase in Frameworks */ = {isa = PBXBuildFile; productRef = 9D51C0262808F4260056CBF5 /* FirebaseDatabase */; };
		9D51C0292808F4260056CBF5 /* FirebaseDatabaseSwift-Beta in Frameworks */ = {isa = PBXBuildFile; productRef = 9D51C0282808F4260056CBF5 /* FirebaseDatabaseSwift-Beta */; };
		9D51C02B2808F4260056CBF5 /* FirebaseDynamicLinks in Frameworks */ = {isa = PBXBuildFile; productRef = 9D51C02A2808F4260056CBF5 /* FirebaseDynamicLinks */; };
		9D51C02D2808F4260056CBF5 /* FirebaseFirestore in Frameworks */ = {isa = PBXBuildFile; productRef = 9D51C02C2808F4260056CBF5 /* FirebaseFirestore */; };
		9D51C02F2808F4260056CBF5 /* FirebaseFirestoreCombine-Community in Frameworks */ = {isa = PBXBuildFile; productRef = 9D51C02E2808F4260056CBF5 /* FirebaseFirestoreCombine-Community */; };
		9D51C0312808F4260056CBF5 /* FirebaseFirestoreSwift-Beta in Frameworks */ = {isa = PBXBuildFile; productRef = 9D51C0302808F4260056CBF5 /* FirebaseFirestoreSwift-Beta */; };
		9D51C0332808F4260056CBF5 /* FirebaseFunctions in Frameworks */ = {isa = PBXBuildFile; productRef = 9D51C0322808F4260056CBF5 /* FirebaseFunctions */; };
		9D51C0352808F4260056CBF5 /* FirebaseFunctionsCombine-Community in Frameworks */ = {isa = PBXBuildFile; productRef = 9D51C0342808F4260056CBF5 /* FirebaseFunctionsCombine-Community */; };
		9D51C0372808F4260056CBF5 /* FirebaseFunctionsSwift-Beta in Frameworks */ = {isa = PBXBuildFile; productRef = 9D51C0362808F4260056CBF5 /* FirebaseFunctionsSwift-Beta */; };
		9D51C0392808F4260056CBF5 /* FirebaseInAppMessaging-Beta in Frameworks */ = {isa = PBXBuildFile; productRef = 9D51C0382808F4260056CBF5 /* FirebaseInAppMessaging-Beta */; };
		9D51C03B2808F4260056CBF5 /* FirebaseInAppMessagingSwift-Beta in Frameworks */ = {isa = PBXBuildFile; productRef = 9D51C03A2808F4260056CBF5 /* FirebaseInAppMessagingSwift-Beta */; };
		9D51C03D2808F4260056CBF5 /* FirebaseInstallations in Frameworks */ = {isa = PBXBuildFile; productRef = 9D51C03C2808F4260056CBF5 /* FirebaseInstallations */; };
		9D51C03F2808F4260056CBF5 /* FirebaseMLModelDownloader in Frameworks */ = {isa = PBXBuildFile; productRef = 9D51C03E2808F4260056CBF5 /* FirebaseMLModelDownloader */; };
		9D51C0412808F4260056CBF5 /* FirebaseMessaging in Frameworks */ = {isa = PBXBuildFile; productRef = 9D51C0402808F4260056CBF5 /* FirebaseMessaging */; };
		9D51C0432808F4260056CBF5 /* FirebasePerformance in Frameworks */ = {isa = PBXBuildFile; productRef = 9D51C0422808F4260056CBF5 /* FirebasePerformance */; };
		9D51C0452808F4260056CBF5 /* FirebaseRemoteConfig in Frameworks */ = {isa = PBXBuildFile; productRef = 9D51C0442808F4260056CBF5 /* FirebaseRemoteConfig */; };
		9D51C0472808F4260056CBF5 /* FirebaseRemoteConfigSwift-Beta in Frameworks */ = {isa = PBXBuildFile; productRef = 9D51C0462808F4260056CBF5 /* FirebaseRemoteConfigSwift-Beta */; };
		9D51C0492808F4260056CBF5 /* FirebaseStorage in Frameworks */ = {isa = PBXBuildFile; productRef = 9D51C0482808F4260056CBF5 /* FirebaseStorage */; };
		9D51C04B2808F4260056CBF5 /* FirebaseStorageCombine-Community in Frameworks */ = {isa = PBXBuildFile; productRef = 9D51C04A2808F4260056CBF5 /* FirebaseStorageCombine-Community */; };
		9D51C04D2808F4260056CBF5 /* FirebaseStorageSwift-Beta in Frameworks */ = {isa = PBXBuildFile; productRef = 9D51C04C2808F4260056CBF5 /* FirebaseStorageSwift-Beta */; };
		9D9A4452280CA60A0002E97B /* UIColor+ColorScheme.swift in Sources */ = {isa = PBXBuildFile; fileRef = 9D9A4451280CA60A0002E97B /* UIColor+ColorScheme.swift */; };
		9D9A4454280CA6DD0002E97B /* UIColor+Hex.swift in Sources */ = {isa = PBXBuildFile; fileRef = 9D9A4453280CA6DD0002E97B /* UIColor+Hex.swift */; };
		9D9A4456280CA7300002E97B /* UIViewController+HideKeyboard.swift in Sources */ = {isa = PBXBuildFile; fileRef = 9D9A4455280CA7300002E97B /* UIViewController+HideKeyboard.swift */; };
		9D9A4458280CA7860002E97B /* AuthTextField.swift in Sources */ = {isa = PBXBuildFile; fileRef = 9D9A4457280CA7860002E97B /* AuthTextField.swift */; };
		9D9A445A280CA7BA0002E97B /* HorizontalActionLabel.swift in Sources */ = {isa = PBXBuildFile; fileRef = 9D9A4459280CA7BA0002E97B /* HorizontalActionLabel.swift */; };
		9D9A445C280CA7F20002E97B /* LoadingButton.swift in Sources */ = {isa = PBXBuildFile; fileRef = 9D9A445B280CA7F20002E97B /* LoadingButton.swift */; };
		9D9A445E280CA8720002E97B /* AuthManager.swift in Sources */ = {isa = PBXBuildFile; fileRef = 9D9A445D280CA8720002E97B /* AuthManager.swift */; };
		9D9A4460280CA8FD0002E97B /* User.swift in Sources */ = {isa = PBXBuildFile; fileRef = 9D9A445F280CA8FD0002E97B /* User.swift */; };
		9D9A4462280CA95A0002E97B /* DatabaseRequest.swift in Sources */ = {isa = PBXBuildFile; fileRef = 9D9A4461280CA95A0002E97B /* DatabaseRequest.swift */; };
		9D9A4464280CAA1D0002E97B /* Post.swift in Sources */ = {isa = PBXBuildFile; fileRef = 9D9A4463280CAA1D0002E97B /* Post.swift */; };
		9D9A4466280CAA420002E97B /* WardrobeItem.swift in Sources */ = {isa = PBXBuildFile; fileRef = 9D9A4465280CAA420002E97B /* WardrobeItem.swift */; };
		9D9A4468280CAAD80002E97B /* SignInVC.swift in Sources */ = {isa = PBXBuildFile; fileRef = 9D9A4467280CAAD80002E97B /* SignInVC.swift */; };
		9D9A446B280CABA70002E97B /* NotificationBannerSwift in Frameworks */ = {isa = PBXBuildFile; productRef = 9D9A446A280CABA70002E97B /* NotificationBannerSwift */; };
		9D9A446D280CAC110002E97B /* SignUpVC.swift in Sources */ = {isa = PBXBuildFile; fileRef = 9D9A446C280CAC110002E97B /* SignUpVC.swift */; };
		9D9A4472280CC5170002E97B /* Feed.storyboard in Resources */ = {isa = PBXBuildFile; fileRef = 9D9A4471280CC5170002E97B /* Feed.storyboard */; };
		9D9A4476280CC7950002E97B /* GoogleService-Info.plist in Resources */ = {isa = PBXBuildFile; fileRef = 9D9A4475280CC7950002E97B /* GoogleService-Info.plist */; };
		9D9A447C280CD34B0002E97B /* TabBarVC.swift in Sources */ = {isa = PBXBuildFile; fileRef = 9D9A447B280CD34B0002E97B /* TabBarVC.swift */; };
		9D9A447E280CD53B0002E97B /* ProfileVC.swift in Sources */ = {isa = PBXBuildFile; fileRef = 9D9A447D280CD53B0002E97B /* ProfileVC.swift */; };
		9D9A4480280CD5510002E97B /* HomeVC.swift in Sources */ = {isa = PBXBuildFile; fileRef = 9D9A447F280CD5510002E97B /* HomeVC.swift */; };
		9D9A4482280CD5630002E97B /* DiscoverVC.swift in Sources */ = {isa = PBXBuildFile; fileRef = 9D9A4481280CD5630002E97B /* DiscoverVC.swift */; };
		9DD61DD828168EA3006B3A50 /* discovercontents.json in Resources */ = {isa = PBXBuildFile; fileRef = 9DD61DD728168EA3006B3A50 /* discovercontents.json */; };
		9DD61DDA2817EC13006B3A50 /* HomePostCell.swift in Sources */ = {isa = PBXBuildFile; fileRef = 9DD61DD92817EC13006B3A50 /* HomePostCell.swift */; };
		9DD61DDC28188884006B3A50 /* CreateWardrobeVC.swift in Sources */ = {isa = PBXBuildFile; fileRef = 9DD61DDB28188884006B3A50 /* CreateWardrobeVC.swift */; };
		9DF95F10280E7FDE007967C0 /* EditProfileVC.swift in Sources */ = {isa = PBXBuildFile; fileRef = 9DF95F0F280E7FDE007967C0 /* EditProfileVC.swift */; };
		9DF95F12281000E2007967C0 /* StorageManager.swift in Sources */ = {isa = PBXBuildFile; fileRef = 9DF95F11281000E2007967C0 /* StorageManager.swift */; };
/* End PBXBuildFile section */

/* Begin PBXFileReference section */
		55969E82281682D70030B938 /* Bundle-Decodable.swift */ = {isa = PBXFileReference; fileEncoding = 4; lastKnownFileType = sourcecode.swift; path = "Bundle-Decodable.swift"; sourceTree = "<group>"; };
		55969E84281683050030B938 /* SectionHeader.swift */ = {isa = PBXFileReference; fileEncoding = 4; lastKnownFileType = sourcecode.swift; path = SectionHeader.swift; sourceTree = "<group>"; };
		55969E862816830F0030B938 /* App.swift */ = {isa = PBXFileReference; fileEncoding = 4; lastKnownFileType = sourcecode.swift; path = App.swift; sourceTree = "<group>"; };
		55969E882816831B0030B938 /* FeaturedCell.swift */ = {isa = PBXFileReference; fileEncoding = 4; lastKnownFileType = sourcecode.swift; path = FeaturedCell.swift; sourceTree = "<group>"; };
		55969E8A281683240030B938 /* MediumTableCell.swift */ = {isa = PBXFileReference; fileEncoding = 4; lastKnownFileType = sourcecode.swift; path = MediumTableCell.swift; sourceTree = "<group>"; };
		55969E8C281683290030B938 /* Section.swift */ = {isa = PBXFileReference; fileEncoding = 4; lastKnownFileType = sourcecode.swift; path = Section.swift; sourceTree = "<group>"; };
		55969E8E281683300030B938 /* SelfConfiguringCell.swift */ = {isa = PBXFileReference; fileEncoding = 4; lastKnownFileType = sourcecode.swift; path = SelfConfiguringCell.swift; sourceTree = "<group>"; };
		55969E90281683380030B938 /* SmallTableCell.swift */ = {isa = PBXFileReference; fileEncoding = 4; lastKnownFileType = sourcecode.swift; path = SmallTableCell.swift; sourceTree = "<group>"; };
		9D38B931281391E300B3ED90 /* CreatePostVC.swift */ = {isa = PBXFileReference; lastKnownFileType = sourcecode.swift; path = CreatePostVC.swift; sourceTree = "<group>"; };
		9D38B9332813D57E00B3ED90 /* ProfilePostCell.swift */ = {isa = PBXFileReference; lastKnownFileType = sourcecode.swift; path = ProfilePostCell.swift; sourceTree = "<group>"; };
		9D38B9352813DB8800B3ED90 /* ProfilePostPreviewVC.swift */ = {isa = PBXFileReference; lastKnownFileType = sourcecode.swift; path = ProfilePostPreviewVC.swift; sourceTree = "<group>"; };
		9D51BFFC2807AEA20056CBF5 /* Fitspo.app */ = {isa = PBXFileReference; explicitFileType = wrapper.application; includeInIndex = 0; path = Fitspo.app; sourceTree = BUILT_PRODUCTS_DIR; };
		9D51BFFF2807AEA20056CBF5 /* AppDelegate.swift */ = {isa = PBXFileReference; lastKnownFileType = sourcecode.swift; path = AppDelegate.swift; sourceTree = "<group>"; };
		9D51C0012807AEA20056CBF5 /* SceneDelegate.swift */ = {isa = PBXFileReference; lastKnownFileType = sourcecode.swift; path = SceneDelegate.swift; sourceTree = "<group>"; };
		9D51C0032807AEA20056CBF5 /* ViewController.swift */ = {isa = PBXFileReference; lastKnownFileType = sourcecode.swift; path = ViewController.swift; sourceTree = "<group>"; };
		9D51C0062807AEA20056CBF5 /* Base */ = {isa = PBXFileReference; lastKnownFileType = file.storyboard; name = Base; path = Base.lproj/Main.storyboard; sourceTree = "<group>"; };
		9D51C0082807AEA30056CBF5 /* Assets.xcassets */ = {isa = PBXFileReference; lastKnownFileType = folder.assetcatalog; path = Assets.xcassets; sourceTree = "<group>"; };
		9D51C00B2807AEA30056CBF5 /* Base */ = {isa = PBXFileReference; lastKnownFileType = file.storyboard; name = Base; path = Base.lproj/LaunchScreen.storyboard; sourceTree = "<group>"; };
		9D51C00D2807AEA30056CBF5 /* Info.plist */ = {isa = PBXFileReference; lastKnownFileType = text.plist.xml; path = Info.plist; sourceTree = "<group>"; };
		9D9A4451280CA60A0002E97B /* UIColor+ColorScheme.swift */ = {isa = PBXFileReference; lastKnownFileType = sourcecode.swift; path = "UIColor+ColorScheme.swift"; sourceTree = "<group>"; };
		9D9A4453280CA6DD0002E97B /* UIColor+Hex.swift */ = {isa = PBXFileReference; lastKnownFileType = sourcecode.swift; path = "UIColor+Hex.swift"; sourceTree = "<group>"; };
		9D9A4455280CA7300002E97B /* UIViewController+HideKeyboard.swift */ = {isa = PBXFileReference; lastKnownFileType = sourcecode.swift; path = "UIViewController+HideKeyboard.swift"; sourceTree = "<group>"; };
		9D9A4457280CA7860002E97B /* AuthTextField.swift */ = {isa = PBXFileReference; lastKnownFileType = sourcecode.swift; path = AuthTextField.swift; sourceTree = "<group>"; };
		9D9A4459280CA7BA0002E97B /* HorizontalActionLabel.swift */ = {isa = PBXFileReference; lastKnownFileType = sourcecode.swift; path = HorizontalActionLabel.swift; sourceTree = "<group>"; };
		9D9A445B280CA7F20002E97B /* LoadingButton.swift */ = {isa = PBXFileReference; lastKnownFileType = sourcecode.swift; path = LoadingButton.swift; sourceTree = "<group>"; };
		9D9A445D280CA8720002E97B /* AuthManager.swift */ = {isa = PBXFileReference; lastKnownFileType = sourcecode.swift; path = AuthManager.swift; sourceTree = "<group>"; };
		9D9A445F280CA8FD0002E97B /* User.swift */ = {isa = PBXFileReference; lastKnownFileType = sourcecode.swift; path = User.swift; sourceTree = "<group>"; };
		9D9A4461280CA95A0002E97B /* DatabaseRequest.swift */ = {isa = PBXFileReference; lastKnownFileType = sourcecode.swift; path = DatabaseRequest.swift; sourceTree = "<group>"; };
		9D9A4463280CAA1D0002E97B /* Post.swift */ = {isa = PBXFileReference; lastKnownFileType = sourcecode.swift; path = Post.swift; sourceTree = "<group>"; };
		9D9A4465280CAA420002E97B /* WardrobeItem.swift */ = {isa = PBXFileReference; lastKnownFileType = sourcecode.swift; path = WardrobeItem.swift; sourceTree = "<group>"; };
		9D9A4467280CAAD80002E97B /* SignInVC.swift */ = {isa = PBXFileReference; lastKnownFileType = sourcecode.swift; path = SignInVC.swift; sourceTree = "<group>"; };
		9D9A446C280CAC110002E97B /* SignUpVC.swift */ = {isa = PBXFileReference; lastKnownFileType = sourcecode.swift; path = SignUpVC.swift; sourceTree = "<group>"; };
		9D9A4471280CC5170002E97B /* Feed.storyboard */ = {isa = PBXFileReference; lastKnownFileType = file.storyboard; path = Feed.storyboard; sourceTree = "<group>"; };
		9D9A4475280CC7950002E97B /* GoogleService-Info.plist */ = {isa = PBXFileReference; fileEncoding = 4; lastKnownFileType = text.plist.xml; path = "GoogleService-Info.plist"; sourceTree = "<group>"; };
		9D9A447B280CD34B0002E97B /* TabBarVC.swift */ = {isa = PBXFileReference; lastKnownFileType = sourcecode.swift; path = TabBarVC.swift; sourceTree = "<group>"; };
		9D9A447D280CD53B0002E97B /* ProfileVC.swift */ = {isa = PBXFileReference; lastKnownFileType = sourcecode.swift; path = ProfileVC.swift; sourceTree = "<group>"; };
		9D9A447F280CD5510002E97B /* HomeVC.swift */ = {isa = PBXFileReference; lastKnownFileType = sourcecode.swift; path = HomeVC.swift; sourceTree = "<group>"; };
		9D9A4481280CD5630002E97B /* DiscoverVC.swift */ = {isa = PBXFileReference; lastKnownFileType = sourcecode.swift; path = DiscoverVC.swift; sourceTree = "<group>"; };
		9DD61DD728168EA3006B3A50 /* discovercontents.json */ = {isa = PBXFileReference; fileEncoding = 4; lastKnownFileType = text.json; path = discovercontents.json; sourceTree = "<group>"; };
		9DD61DD92817EC13006B3A50 /* HomePostCell.swift */ = {isa = PBXFileReference; lastKnownFileType = sourcecode.swift; path = HomePostCell.swift; sourceTree = "<group>"; };
		9DD61DDB28188884006B3A50 /* CreateWardrobeVC.swift */ = {isa = PBXFileReference; lastKnownFileType = sourcecode.swift; path = CreateWardrobeVC.swift; sourceTree = "<group>"; };
		9DF95F0F280E7FDE007967C0 /* EditProfileVC.swift */ = {isa = PBXFileReference; lastKnownFileType = sourcecode.swift; path = EditProfileVC.swift; sourceTree = "<group>"; };
		9DF95F11281000E2007967C0 /* StorageManager.swift */ = {isa = PBXFileReference; lastKnownFileType = sourcecode.swift; path = StorageManager.swift; sourceTree = "<group>"; };
/* End PBXFileReference section */

/* Begin PBXFrameworksBuildPhase section */
		9D51BFF92807AEA20056CBF5 /* Frameworks */ = {
			isa = PBXFrameworksBuildPhase;
			buildActionMask = 2147483647;
			files = (
				9D51C02F2808F4260056CBF5 /* FirebaseFirestoreCombine-Community in Frameworks */,
				9D51C0292808F4260056CBF5 /* FirebaseDatabaseSwift-Beta in Frameworks */,
				9D51C02B2808F4260056CBF5 /* FirebaseDynamicLinks in Frameworks */,
				9D51C01D2808F4260056CBF5 /* FirebaseAppCheck in Frameworks */,
				9D51C0212808F4260056CBF5 /* FirebaseAuth in Frameworks */,
				9D51C04D2808F4260056CBF5 /* FirebaseStorageSwift-Beta in Frameworks */,
				9D51C0192808F4260056CBF5 /* FirebaseAnalyticsSwift-Beta in Frameworks */,
				9D9A446B280CABA70002E97B /* NotificationBannerSwift in Frameworks */,
				9D51C0472808F4260056CBF5 /* FirebaseRemoteConfigSwift-Beta in Frameworks */,
				9D51C03F2808F4260056CBF5 /* FirebaseMLModelDownloader in Frameworks */,
				9D51C02D2808F4260056CBF5 /* FirebaseFirestore in Frameworks */,
				9D51C0352808F4260056CBF5 /* FirebaseFunctionsCombine-Community in Frameworks */,
				9D51C01F2808F4260056CBF5 /* FirebaseAppDistribution-Beta in Frameworks */,
				9D51C01B2808F4260056CBF5 /* FirebaseAnalyticsWithoutAdIdSupport in Frameworks */,
				9D51C0312808F4260056CBF5 /* FirebaseFirestoreSwift-Beta in Frameworks */,
				9D51C0392808F4260056CBF5 /* FirebaseInAppMessaging-Beta in Frameworks */,
				9D51C0252808F4260056CBF5 /* FirebaseCrashlytics in Frameworks */,
				9D51C0272808F4260056CBF5 /* FirebaseDatabase in Frameworks */,
				9D51C04B2808F4260056CBF5 /* FirebaseStorageCombine-Community in Frameworks */,
				9D51C0452808F4260056CBF5 /* FirebaseRemoteConfig in Frameworks */,
				9D51C0372808F4260056CBF5 /* FirebaseFunctionsSwift-Beta in Frameworks */,
				9D51C0332808F4260056CBF5 /* FirebaseFunctions in Frameworks */,
				9D51C0432808F4260056CBF5 /* FirebasePerformance in Frameworks */,
				9D51C03B2808F4260056CBF5 /* FirebaseInAppMessagingSwift-Beta in Frameworks */,
				9D51C0492808F4260056CBF5 /* FirebaseStorage in Frameworks */,
				9D51C0232808F4260056CBF5 /* FirebaseAuthCombine-Community in Frameworks */,
				9D51C0172808F4260056CBF5 /* FirebaseAnalytics in Frameworks */,
				9D51C0412808F4260056CBF5 /* FirebaseMessaging in Frameworks */,
				9D51C03D2808F4260056CBF5 /* FirebaseInstallations in Frameworks */,
			);
			runOnlyForDeploymentPostprocessing = 0;
		};
/* End PBXFrameworksBuildPhase section */

/* Begin PBXGroup section */
		9D51BFF32807AEA20056CBF5 = {
			isa = PBXGroup;
			children = (
				9D51BFFE2807AEA20056CBF5 /* Fitspo */,
				9D51BFFD2807AEA20056CBF5 /* Products */,
			);
			sourceTree = "<group>";
		};
		9D51BFFD2807AEA20056CBF5 /* Products */ = {
			isa = PBXGroup;
			children = (
				9D51BFFC2807AEA20056CBF5 /* Fitspo.app */,
			);
			name = Products;
			sourceTree = "<group>";
		};
		9D51BFFE2807AEA20056CBF5 /* Fitspo */ = {
			isa = PBXGroup;
			children = (
				9D9A447A280CD3370002E97B /* Tab Bar */,
				9D9A4479280CD3310002E97B /* Home */,
				9D9A4478280CD3260002E97B /* Discover */,
				9D9A4477280CD31F0002E97B /* Profile */,
				9D9A4450280CA4AC0002E97B /* Support Files */,
				9D9A444E280CA4940002E97B /* Models */,
				9D9A444D280CA46C0002E97B /* Onboarding */,
				9D9A444C280CA4640002E97B /* Storyboard */,
				9D9A444A280CA44A0002E97B /* Extensions */,
				9D51C0082807AEA30056CBF5 /* Assets.xcassets */,
				9D51C00D2807AEA30056CBF5 /* Info.plist */,
				9D9A4475280CC7950002E97B /* GoogleService-Info.plist */,
			);
			path = Fitspo;
			sourceTree = "<group>";
		};
		9D9A444A280CA44A0002E97B /* Extensions */ = {
			isa = PBXGroup;
			children = (
				9D9A4451280CA60A0002E97B /* UIColor+ColorScheme.swift */,
				9D9A4453280CA6DD0002E97B /* UIColor+Hex.swift */,
				9D9A4455280CA7300002E97B /* UIViewController+HideKeyboard.swift */,
			);
			path = Extensions;
			sourceTree = "<group>";
		};
		9D9A444C280CA4640002E97B /* Storyboard */ = {
			isa = PBXGroup;
			children = (
				9D51C00A2807AEA30056CBF5 /* LaunchScreen.storyboard */,
				9D51C0052807AEA20056CBF5 /* Main.storyboard */,
				9D9A4471280CC5170002E97B /* Feed.storyboard */,
			);
			path = Storyboard;
			sourceTree = "<group>";
		};
		9D9A444D280CA46C0002E97B /* Onboarding */ = {
			isa = PBXGroup;
			children = (
				9D51C0032807AEA20056CBF5 /* ViewController.swift */,
				9D9A4457280CA7860002E97B /* AuthTextField.swift */,
				9D9A4459280CA7BA0002E97B /* HorizontalActionLabel.swift */,
				9D9A445B280CA7F20002E97B /* LoadingButton.swift */,
				9D9A4467280CAAD80002E97B /* SignInVC.swift */,
				9D9A446C280CAC110002E97B /* SignUpVC.swift */,
			);
			path = Onboarding;
			sourceTree = "<group>";
		};
		9D9A444E280CA4940002E97B /* Models */ = {
			isa = PBXGroup;
			children = (
				9D9A445D280CA8720002E97B /* AuthManager.swift */,
				9D9A4461280CA95A0002E97B /* DatabaseRequest.swift */,
				9D9A445F280CA8FD0002E97B /* User.swift */,
				9D9A4463280CAA1D0002E97B /* Post.swift */,
				55969E862816830F0030B938 /* App.swift */,
				55969E8C281683290030B938 /* Section.swift */,
				55969E84281683050030B938 /* SectionHeader.swift */,
				9D9A4465280CAA420002E97B /* WardrobeItem.swift */,
				9DF95F11281000E2007967C0 /* StorageManager.swift */,
			);
			path = Models;
			sourceTree = "<group>";
		};
		9D9A4450280CA4AC0002E97B /* Support Files */ = {
			isa = PBXGroup;
			children = (
				9DD61DD728168EA3006B3A50 /* discovercontents.json */,
				55969E82281682D70030B938 /* Bundle-Decodable.swift */,
				9D51BFFF2807AEA20056CBF5 /* AppDelegate.swift */,
				9D51C0012807AEA20056CBF5 /* SceneDelegate.swift */,
			);
			path = "Support Files";
			sourceTree = "<group>";
		};
		9D9A4477280CD31F0002E97B /* Profile */ = {
			isa = PBXGroup;
			children = (
				9D9A447D280CD53B0002E97B /* ProfileVC.swift */,
				9DF95F0F280E7FDE007967C0 /* EditProfileVC.swift */,
				9D38B931281391E300B3ED90 /* CreatePostVC.swift */,
				9D38B9332813D57E00B3ED90 /* ProfilePostCell.swift */,
				9D38B9352813DB8800B3ED90 /* ProfilePostPreviewVC.swift */,
				9DD61DDB28188884006B3A50 /* CreateWardrobeVC.swift */,
			);
			path = Profile;
			sourceTree = "<group>";
		};
		9D9A4478280CD3260002E97B /* Discover */ = {
			isa = PBXGroup;
			children = (
				9D9A4481280CD5630002E97B /* DiscoverVC.swift */,
				55969E882816831B0030B938 /* FeaturedCell.swift */,
				55969E8A281683240030B938 /* MediumTableCell.swift */,
				55969E90281683380030B938 /* SmallTableCell.swift */,
				55969E8E281683300030B938 /* SelfConfiguringCell.swift */,
			);
			path = Discover;
			sourceTree = "<group>";
		};
		9D9A4479280CD3310002E97B /* Home */ = {
			isa = PBXGroup;
			children = (
				9D9A447F280CD5510002E97B /* HomeVC.swift */,
				9DD61DD92817EC13006B3A50 /* HomePostCell.swift */,
			);
			path = Home;
			sourceTree = "<group>";
		};
		9D9A447A280CD3370002E97B /* Tab Bar */ = {
			isa = PBXGroup;
			children = (
				9D9A447B280CD34B0002E97B /* TabBarVC.swift */,
			);
			path = "Tab Bar";
			sourceTree = "<group>";
		};
/* End PBXGroup section */

/* Begin PBXNativeTarget section */
		9D51BFFB2807AEA20056CBF5 /* Fitspo */ = {
			isa = PBXNativeTarget;
			buildConfigurationList = 9D51C0102807AEA30056CBF5 /* Build configuration list for PBXNativeTarget "Fitspo" */;
			buildPhases = (
				9D51BFF82807AEA20056CBF5 /* Sources */,
				9D51BFF92807AEA20056CBF5 /* Frameworks */,
				9D51BFFA2807AEA20056CBF5 /* Resources */,
			);
			buildRules = (
			);
			dependencies = (
			);
			name = Fitspo;
			packageProductDependencies = (
				9D51C0162808F4260056CBF5 /* FirebaseAnalytics */,
				9D51C0182808F4260056CBF5 /* FirebaseAnalyticsSwift-Beta */,
				9D51C01A2808F4260056CBF5 /* FirebaseAnalyticsWithoutAdIdSupport */,
				9D51C01C2808F4260056CBF5 /* FirebaseAppCheck */,
				9D51C01E2808F4260056CBF5 /* FirebaseAppDistribution-Beta */,
				9D51C0202808F4260056CBF5 /* FirebaseAuth */,
				9D51C0222808F4260056CBF5 /* FirebaseAuthCombine-Community */,
				9D51C0242808F4260056CBF5 /* FirebaseCrashlytics */,
				9D51C0262808F4260056CBF5 /* FirebaseDatabase */,
				9D51C0282808F4260056CBF5 /* FirebaseDatabaseSwift-Beta */,
				9D51C02A2808F4260056CBF5 /* FirebaseDynamicLinks */,
				9D51C02C2808F4260056CBF5 /* FirebaseFirestore */,
				9D51C02E2808F4260056CBF5 /* FirebaseFirestoreCombine-Community */,
				9D51C0302808F4260056CBF5 /* FirebaseFirestoreSwift-Beta */,
				9D51C0322808F4260056CBF5 /* FirebaseFunctions */,
				9D51C0342808F4260056CBF5 /* FirebaseFunctionsCombine-Community */,
				9D51C0362808F4260056CBF5 /* FirebaseFunctionsSwift-Beta */,
				9D51C0382808F4260056CBF5 /* FirebaseInAppMessaging-Beta */,
				9D51C03A2808F4260056CBF5 /* FirebaseInAppMessagingSwift-Beta */,
				9D51C03C2808F4260056CBF5 /* FirebaseInstallations */,
				9D51C03E2808F4260056CBF5 /* FirebaseMLModelDownloader */,
				9D51C0402808F4260056CBF5 /* FirebaseMessaging */,
				9D51C0422808F4260056CBF5 /* FirebasePerformance */,
				9D51C0442808F4260056CBF5 /* FirebaseRemoteConfig */,
				9D51C0462808F4260056CBF5 /* FirebaseRemoteConfigSwift-Beta */,
				9D51C0482808F4260056CBF5 /* FirebaseStorage */,
				9D51C04A2808F4260056CBF5 /* FirebaseStorageCombine-Community */,
				9D51C04C2808F4260056CBF5 /* FirebaseStorageSwift-Beta */,
				9D9A446A280CABA70002E97B /* NotificationBannerSwift */,
			);
			productName = Fitspo;
			productReference = 9D51BFFC2807AEA20056CBF5 /* Fitspo.app */;
			productType = "com.apple.product-type.application";
		};
/* End PBXNativeTarget section */

/* Begin PBXProject section */
		9D51BFF42807AEA20056CBF5 /* Project object */ = {
			isa = PBXProject;
			attributes = {
				BuildIndependentTargetsInParallel = 1;
				LastSwiftUpdateCheck = 1320;
				LastUpgradeCheck = 1320;
				TargetAttributes = {
					9D51BFFB2807AEA20056CBF5 = {
						CreatedOnToolsVersion = 13.2.1;
					};
				};
			};
			buildConfigurationList = 9D51BFF72807AEA20056CBF5 /* Build configuration list for PBXProject "Fitspo" */;
			compatibilityVersion = "Xcode 13.0";
			developmentRegion = en;
			hasScannedForEncodings = 0;
			knownRegions = (
				en,
				Base,
			);
			mainGroup = 9D51BFF32807AEA20056CBF5;
			packageReferences = (
				9D51C0152808F4260056CBF5 /* XCRemoteSwiftPackageReference "firebase-ios-sdk" */,
				9D9A4469280CABA70002E97B /* XCRemoteSwiftPackageReference "NotificationBanner" */,
			);
			productRefGroup = 9D51BFFD2807AEA20056CBF5 /* Products */;
			projectDirPath = "";
			projectRoot = "";
			targets = (
				9D51BFFB2807AEA20056CBF5 /* Fitspo */,
			);
		};
/* End PBXProject section */

/* Begin PBXResourcesBuildPhase section */
		9D51BFFA2807AEA20056CBF5 /* Resources */ = {
			isa = PBXResourcesBuildPhase;
			buildActionMask = 2147483647;
			files = (
				9D9A4472280CC5170002E97B /* Feed.storyboard in Resources */,
				9D51C00C2807AEA30056CBF5 /* LaunchScreen.storyboard in Resources */,
				9DD61DD828168EA3006B3A50 /* discovercontents.json in Resources */,
				9D9A4476280CC7950002E97B /* GoogleService-Info.plist in Resources */,
				9D51C0092807AEA30056CBF5 /* Assets.xcassets in Resources */,
				9D51C0072807AEA20056CBF5 /* Main.storyboard in Resources */,
			);
			runOnlyForDeploymentPostprocessing = 0;
		};
/* End PBXResourcesBuildPhase section */

/* Begin PBXSourcesBuildPhase section */
		9D51BFF82807AEA20056CBF5 /* Sources */ = {
			isa = PBXSourcesBuildPhase;
			buildActionMask = 2147483647;
			files = (
				9D9A4466280CAA420002E97B /* WardrobeItem.swift in Sources */,
				9DD61DDC28188884006B3A50 /* CreateWardrobeVC.swift in Sources */,
				9D9A445C280CA7F20002E97B /* LoadingButton.swift in Sources */,
				9D9A4452280CA60A0002E97B /* UIColor+ColorScheme.swift in Sources */,
				9D9A4462280CA95A0002E97B /* DatabaseRequest.swift in Sources */,
				9DF95F10280E7FDE007967C0 /* EditProfileVC.swift in Sources */,
				55969E872816830F0030B938 /* App.swift in Sources */,
				55969E85281683050030B938 /* SectionHeader.swift in Sources */,
				9D51C0042807AEA20056CBF5 /* ViewController.swift in Sources */,
				9D9A4464280CAA1D0002E97B /* Post.swift in Sources */,
				55969E8D281683290030B938 /* Section.swift in Sources */,
				9D38B9362813DB8800B3ED90 /* ProfilePostPreviewVC.swift in Sources */,
				9D38B9342813D57E00B3ED90 /* ProfilePostCell.swift in Sources */,
				9D9A4458280CA7860002E97B /* AuthTextField.swift in Sources */,
				9D51C0002807AEA20056CBF5 /* AppDelegate.swift in Sources */,
				55969E892816831B0030B938 /* FeaturedCell.swift in Sources */,
				9D9A446D280CAC110002E97B /* SignUpVC.swift in Sources */,
				9D9A4456280CA7300002E97B /* UIViewController+HideKeyboard.swift in Sources */,
				9D51C0022807AEA20056CBF5 /* SceneDelegate.swift in Sources */,
				9DD61DDA2817EC13006B3A50 /* HomePostCell.swift in Sources */,
				9D9A4482280CD5630002E97B /* DiscoverVC.swift in Sources */,
				9DF95F12281000E2007967C0 /* StorageManager.swift in Sources */,
				9D9A445A280CA7BA0002E97B /* HorizontalActionLabel.swift in Sources */,
				55969E83281682D70030B938 /* Bundle-Decodable.swift in Sources */,
				9D9A447E280CD53B0002E97B /* ProfileVC.swift in Sources */,
				9D9A4454280CA6DD0002E97B /* UIColor+Hex.swift in Sources */,
				9D38B932281391E300B3ED90 /* CreatePostVC.swift in Sources */,
				55969E8F281683300030B938 /* SelfConfiguringCell.swift in Sources */,
				9D9A445E280CA8720002E97B /* AuthManager.swift in Sources */,
				9D9A447C280CD34B0002E97B /* TabBarVC.swift in Sources */,
				9D9A4460280CA8FD0002E97B /* User.swift in Sources */,
				55969E91281683380030B938 /* SmallTableCell.swift in Sources */,
				55969E8B281683240030B938 /* MediumTableCell.swift in Sources */,
				9D9A4480280CD5510002E97B /* HomeVC.swift in Sources */,
				9D9A4468280CAAD80002E97B /* SignInVC.swift in Sources */,
			);
			runOnlyForDeploymentPostprocessing = 0;
		};
/* End PBXSourcesBuildPhase section */

/* Begin PBXVariantGroup section */
		9D51C0052807AEA20056CBF5 /* Main.storyboard */ = {
			isa = PBXVariantGroup;
			children = (
				9D51C0062807AEA20056CBF5 /* Base */,
			);
			name = Main.storyboard;
			sourceTree = "<group>";
		};
		9D51C00A2807AEA30056CBF5 /* LaunchScreen.storyboard */ = {
			isa = PBXVariantGroup;
			children = (
				9D51C00B2807AEA30056CBF5 /* Base */,
			);
			name = LaunchScreen.storyboard;
			sourceTree = "<group>";
		};
/* End PBXVariantGroup section */

/* Begin XCBuildConfiguration section */
		9D51C00E2807AEA30056CBF5 /* Debug */ = {
			isa = XCBuildConfiguration;
			buildSettings = {
				ALWAYS_SEARCH_USER_PATHS = NO;
				CLANG_ANALYZER_NONNULL = YES;
				CLANG_ANALYZER_NUMBER_OBJECT_CONVERSION = YES_AGGRESSIVE;
				CLANG_CXX_LANGUAGE_STANDARD = "gnu++17";
				CLANG_CXX_LIBRARY = "libc++";
				CLANG_ENABLE_MODULES = YES;
				CLANG_ENABLE_OBJC_ARC = YES;
				CLANG_ENABLE_OBJC_WEAK = YES;
				CLANG_WARN_BLOCK_CAPTURE_AUTORELEASING = YES;
				CLANG_WARN_BOOL_CONVERSION = YES;
				CLANG_WARN_COMMA = YES;
				CLANG_WARN_CONSTANT_CONVERSION = YES;
				CLANG_WARN_DEPRECATED_OBJC_IMPLEMENTATIONS = YES;
				CLANG_WARN_DIRECT_OBJC_ISA_USAGE = YES_ERROR;
				CLANG_WARN_DOCUMENTATION_COMMENTS = YES;
				CLANG_WARN_EMPTY_BODY = YES;
				CLANG_WARN_ENUM_CONVERSION = YES;
				CLANG_WARN_INFINITE_RECURSION = YES;
				CLANG_WARN_INT_CONVERSION = YES;
				CLANG_WARN_NON_LITERAL_NULL_CONVERSION = YES;
				CLANG_WARN_OBJC_IMPLICIT_RETAIN_SELF = YES;
				CLANG_WARN_OBJC_LITERAL_CONVERSION = YES;
				CLANG_WARN_OBJC_ROOT_CLASS = YES_ERROR;
				CLANG_WARN_QUOTED_INCLUDE_IN_FRAMEWORK_HEADER = YES;
				CLANG_WARN_RANGE_LOOP_ANALYSIS = YES;
				CLANG_WARN_STRICT_PROTOTYPES = YES;
				CLANG_WARN_SUSPICIOUS_MOVE = YES;
				CLANG_WARN_UNGUARDED_AVAILABILITY = YES_AGGRESSIVE;
				CLANG_WARN_UNREACHABLE_CODE = YES;
				CLANG_WARN__DUPLICATE_METHOD_MATCH = YES;
				COPY_PHASE_STRIP = NO;
				DEBUG_INFORMATION_FORMAT = dwarf;
				ENABLE_STRICT_OBJC_MSGSEND = YES;
				ENABLE_TESTABILITY = YES;
				GCC_C_LANGUAGE_STANDARD = gnu11;
				GCC_DYNAMIC_NO_PIC = NO;
				GCC_NO_COMMON_BLOCKS = YES;
				GCC_OPTIMIZATION_LEVEL = 0;
				GCC_PREPROCESSOR_DEFINITIONS = (
					"DEBUG=1",
					"$(inherited)",
				);
				GCC_WARN_64_TO_32_BIT_CONVERSION = YES;
				GCC_WARN_ABOUT_RETURN_TYPE = YES_ERROR;
				GCC_WARN_UNDECLARED_SELECTOR = YES;
				GCC_WARN_UNINITIALIZED_AUTOS = YES_AGGRESSIVE;
				GCC_WARN_UNUSED_FUNCTION = YES;
				GCC_WARN_UNUSED_VARIABLE = YES;
				IPHONEOS_DEPLOYMENT_TARGET = 15.2;
				MTL_ENABLE_DEBUG_INFO = INCLUDE_SOURCE;
				MTL_FAST_MATH = YES;
				ONLY_ACTIVE_ARCH = YES;
				SDKROOT = iphoneos;
				SWIFT_ACTIVE_COMPILATION_CONDITIONS = DEBUG;
				SWIFT_OPTIMIZATION_LEVEL = "-Onone";
			};
			name = Debug;
		};
		9D51C00F2807AEA30056CBF5 /* Release */ = {
			isa = XCBuildConfiguration;
			buildSettings = {
				ALWAYS_SEARCH_USER_PATHS = NO;
				CLANG_ANALYZER_NONNULL = YES;
				CLANG_ANALYZER_NUMBER_OBJECT_CONVERSION = YES_AGGRESSIVE;
				CLANG_CXX_LANGUAGE_STANDARD = "gnu++17";
				CLANG_CXX_LIBRARY = "libc++";
				CLANG_ENABLE_MODULES = YES;
				CLANG_ENABLE_OBJC_ARC = YES;
				CLANG_ENABLE_OBJC_WEAK = YES;
				CLANG_WARN_BLOCK_CAPTURE_AUTORELEASING = YES;
				CLANG_WARN_BOOL_CONVERSION = YES;
				CLANG_WARN_COMMA = YES;
				CLANG_WARN_CONSTANT_CONVERSION = YES;
				CLANG_WARN_DEPRECATED_OBJC_IMPLEMENTATIONS = YES;
				CLANG_WARN_DIRECT_OBJC_ISA_USAGE = YES_ERROR;
				CLANG_WARN_DOCUMENTATION_COMMENTS = YES;
				CLANG_WARN_EMPTY_BODY = YES;
				CLANG_WARN_ENUM_CONVERSION = YES;
				CLANG_WARN_INFINITE_RECURSION = YES;
				CLANG_WARN_INT_CONVERSION = YES;
				CLANG_WARN_NON_LITERAL_NULL_CONVERSION = YES;
				CLANG_WARN_OBJC_IMPLICIT_RETAIN_SELF = YES;
				CLANG_WARN_OBJC_LITERAL_CONVERSION = YES;
				CLANG_WARN_OBJC_ROOT_CLASS = YES_ERROR;
				CLANG_WARN_QUOTED_INCLUDE_IN_FRAMEWORK_HEADER = YES;
				CLANG_WARN_RANGE_LOOP_ANALYSIS = YES;
				CLANG_WARN_STRICT_PROTOTYPES = YES;
				CLANG_WARN_SUSPICIOUS_MOVE = YES;
				CLANG_WARN_UNGUARDED_AVAILABILITY = YES_AGGRESSIVE;
				CLANG_WARN_UNREACHABLE_CODE = YES;
				CLANG_WARN__DUPLICATE_METHOD_MATCH = YES;
				COPY_PHASE_STRIP = NO;
				DEBUG_INFORMATION_FORMAT = "dwarf-with-dsym";
				ENABLE_NS_ASSERTIONS = NO;
				ENABLE_STRICT_OBJC_MSGSEND = YES;
				GCC_C_LANGUAGE_STANDARD = gnu11;
				GCC_NO_COMMON_BLOCKS = YES;
				GCC_WARN_64_TO_32_BIT_CONVERSION = YES;
				GCC_WARN_ABOUT_RETURN_TYPE = YES_ERROR;
				GCC_WARN_UNDECLARED_SELECTOR = YES;
				GCC_WARN_UNINITIALIZED_AUTOS = YES_AGGRESSIVE;
				GCC_WARN_UNUSED_FUNCTION = YES;
				GCC_WARN_UNUSED_VARIABLE = YES;
				IPHONEOS_DEPLOYMENT_TARGET = 15.2;
				MTL_ENABLE_DEBUG_INFO = NO;
				MTL_FAST_MATH = YES;
				SDKROOT = iphoneos;
				SWIFT_COMPILATION_MODE = wholemodule;
				SWIFT_OPTIMIZATION_LEVEL = "-O";
				VALIDATE_PRODUCT = YES;
			};
			name = Release;
		};
		9D51C0112807AEA30056CBF5 /* Debug */ = {
			isa = XCBuildConfiguration;
			buildSettings = {
				ASSETCATALOG_COMPILER_APPICON_NAME = AppIcon;
				ASSETCATALOG_COMPILER_GLOBAL_ACCENT_COLOR_NAME = AccentColor;
				CODE_SIGN_IDENTITY = "Apple Development";
				CODE_SIGN_STYLE = Automatic;
				CURRENT_PROJECT_VERSION = 1;
				DEVELOPMENT_TEAM = 8X5V3RF2C2;
				GENERATE_INFOPLIST_FILE = YES;
				INFOPLIST_FILE = Fitspo/Info.plist;
				INFOPLIST_KEY_NSCameraUsageDescription = "Please allow Fitspo access to take picture";
				INFOPLIST_KEY_NSPhotoLibraryAddUsageDescription = "Please allow Fitspo access to select from photo library";
				INFOPLIST_KEY_UIApplicationSupportsIndirectInputEvents = YES;
				INFOPLIST_KEY_UILaunchStoryboardName = LaunchScreen;
				INFOPLIST_KEY_UIMainStoryboardFile = Main;
				INFOPLIST_KEY_UISupportedInterfaceOrientations_iPad = "UIInterfaceOrientationPortrait UIInterfaceOrientationPortraitUpsideDown UIInterfaceOrientationLandscapeLeft UIInterfaceOrientationLandscapeRight";
				INFOPLIST_KEY_UISupportedInterfaceOrientations_iPhone = "UIInterfaceOrientationPortrait UIInterfaceOrientationLandscapeLeft UIInterfaceOrientationLandscapeRight";
				LD_RUNPATH_SEARCH_PATHS = (
					"$(inherited)",
					"@executable_path/Frameworks",
				);
				MARKETING_VERSION = 1.0;
				PRODUCT_BUNDLE_IDENTIFIER = com.noahyin.Fitspo2;
				PRODUCT_NAME = "$(TARGET_NAME)";
				PROVISIONING_PROFILE_SPECIFIER = "";
				SWIFT_EMIT_LOC_STRINGS = YES;
				SWIFT_VERSION = 5.0;
				TARGETED_DEVICE_FAMILY = "1,2";
			};
			name = Debug;
		};
		9D51C0122807AEA30056CBF5 /* Release */ = {
			isa = XCBuildConfiguration;
			buildSettings = {
				ASSETCATALOG_COMPILER_APPICON_NAME = AppIcon;
				ASSETCATALOG_COMPILER_GLOBAL_ACCENT_COLOR_NAME = AccentColor;
				CODE_SIGN_IDENTITY = "Apple Development";
				CODE_SIGN_STYLE = Automatic;
				CURRENT_PROJECT_VERSION = 1;
				DEVELOPMENT_TEAM = 8X5V3RF2C2;
				GENERATE_INFOPLIST_FILE = YES;
				INFOPLIST_FILE = Fitspo/Info.plist;
				INFOPLIST_KEY_NSCameraUsageDescription = "Please allow Fitspo access to take picture";
				INFOPLIST_KEY_NSPhotoLibraryAddUsageDescription = "Please allow Fitspo access to select from photo library";
				INFOPLIST_KEY_UIApplicationSupportsIndirectInputEvents = YES;
				INFOPLIST_KEY_UILaunchStoryboardName = LaunchScreen;
				INFOPLIST_KEY_UIMainStoryboardFile = Main;
				INFOPLIST_KEY_UISupportedInterfaceOrientations_iPad = "UIInterfaceOrientationPortrait UIInterfaceOrientationPortraitUpsideDown UIInterfaceOrientationLandscapeLeft UIInterfaceOrientationLandscapeRight";
				INFOPLIST_KEY_UISupportedInterfaceOrientations_iPhone = "UIInterfaceOrientationPortrait UIInterfaceOrientationLandscapeLeft UIInterfaceOrientationLandscapeRight";
				LD_RUNPATH_SEARCH_PATHS = (
					"$(inherited)",
					"@executable_path/Frameworks",
				);
				MARKETING_VERSION = 1.0;
				PRODUCT_BUNDLE_IDENTIFIER = com.noahyin.Fitspo2;
				PRODUCT_NAME = "$(TARGET_NAME)";
				PROVISIONING_PROFILE_SPECIFIER = "";
				SWIFT_EMIT_LOC_STRINGS = YES;
				SWIFT_VERSION = 5.0;
				TARGETED_DEVICE_FAMILY = "1,2";
			};
			name = Release;
		};
/* End XCBuildConfiguration section */

/* Begin XCConfigurationList section */
		9D51BFF72807AEA20056CBF5 /* Build configuration list for PBXProject "Fitspo" */ = {
			isa = XCConfigurationList;
			buildConfigurations = (
				9D51C00E2807AEA30056CBF5 /* Debug */,
				9D51C00F2807AEA30056CBF5 /* Release */,
			);
			defaultConfigurationIsVisible = 0;
			defaultConfigurationName = Release;
		};
		9D51C0102807AEA30056CBF5 /* Build configuration list for PBXNativeTarget "Fitspo" */ = {
			isa = XCConfigurationList;
			buildConfigurations = (
				9D51C0112807AEA30056CBF5 /* Debug */,
				9D51C0122807AEA30056CBF5 /* Release */,
			);
			defaultConfigurationIsVisible = 0;
			defaultConfigurationName = Release;
		};
/* End XCConfigurationList section */

/* Begin XCRemoteSwiftPackageReference section */
		9D51C0152808F4260056CBF5 /* XCRemoteSwiftPackageReference "firebase-ios-sdk" */ = {
			isa = XCRemoteSwiftPackageReference;
			repositoryURL = "https://github.com/firebase/firebase-ios-sdk";
			requirement = {
				kind = upToNextMajorVersion;
				minimumVersion = 8.0.0;
			};
		};
		9D9A4469280CABA70002E97B /* XCRemoteSwiftPackageReference "NotificationBanner" */ = {
			isa = XCRemoteSwiftPackageReference;
			repositoryURL = "https://github.com/Daltron/NotificationBanner.git";
			requirement = {
				kind = upToNextMajorVersion;
				minimumVersion = 3.0.0;
			};
		};
/* End XCRemoteSwiftPackageReference section */

/* Begin XCSwiftPackageProductDependency section */
		9D51C0162808F4260056CBF5 /* FirebaseAnalytics */ = {
			isa = XCSwiftPackageProductDependency;
			package = 9D51C0152808F4260056CBF5 /* XCRemoteSwiftPackageReference "firebase-ios-sdk" */;
			productName = FirebaseAnalytics;
		};
		9D51C0182808F4260056CBF5 /* FirebaseAnalyticsSwift-Beta */ = {
			isa = XCSwiftPackageProductDependency;
			package = 9D51C0152808F4260056CBF5 /* XCRemoteSwiftPackageReference "firebase-ios-sdk" */;
			productName = "FirebaseAnalyticsSwift-Beta";
		};
		9D51C01A2808F4260056CBF5 /* FirebaseAnalyticsWithoutAdIdSupport */ = {
			isa = XCSwiftPackageProductDependency;
			package = 9D51C0152808F4260056CBF5 /* XCRemoteSwiftPackageReference "firebase-ios-sdk" */;
			productName = FirebaseAnalyticsWithoutAdIdSupport;
		};
		9D51C01C2808F4260056CBF5 /* FirebaseAppCheck */ = {
			isa = XCSwiftPackageProductDependency;
			package = 9D51C0152808F4260056CBF5 /* XCRemoteSwiftPackageReference "firebase-ios-sdk" */;
			productName = FirebaseAppCheck;
		};
		9D51C01E2808F4260056CBF5 /* FirebaseAppDistribution-Beta */ = {
			isa = XCSwiftPackageProductDependency;
			package = 9D51C0152808F4260056CBF5 /* XCRemoteSwiftPackageReference "firebase-ios-sdk" */;
			productName = "FirebaseAppDistribution-Beta";
		};
		9D51C0202808F4260056CBF5 /* FirebaseAuth */ = {
			isa = XCSwiftPackageProductDependency;
			package = 9D51C0152808F4260056CBF5 /* XCRemoteSwiftPackageReference "firebase-ios-sdk" */;
			productName = FirebaseAuth;
		};
		9D51C0222808F4260056CBF5 /* FirebaseAuthCombine-Community */ = {
			isa = XCSwiftPackageProductDependency;
			package = 9D51C0152808F4260056CBF5 /* XCRemoteSwiftPackageReference "firebase-ios-sdk" */;
			productName = "FirebaseAuthCombine-Community";
		};
		9D51C0242808F4260056CBF5 /* FirebaseCrashlytics */ = {
			isa = XCSwiftPackageProductDependency;
			package = 9D51C0152808F4260056CBF5 /* XCRemoteSwiftPackageReference "firebase-ios-sdk" */;
			productName = FirebaseCrashlytics;
		};
		9D51C0262808F4260056CBF5 /* FirebaseDatabase */ = {
			isa = XCSwiftPackageProductDependency;
			package = 9D51C0152808F4260056CBF5 /* XCRemoteSwiftPackageReference "firebase-ios-sdk" */;
			productName = FirebaseDatabase;
		};
		9D51C0282808F4260056CBF5 /* FirebaseDatabaseSwift-Beta */ = {
			isa = XCSwiftPackageProductDependency;
			package = 9D51C0152808F4260056CBF5 /* XCRemoteSwiftPackageReference "firebase-ios-sdk" */;
			productName = "FirebaseDatabaseSwift-Beta";
		};
		9D51C02A2808F4260056CBF5 /* FirebaseDynamicLinks */ = {
			isa = XCSwiftPackageProductDependency;
			package = 9D51C0152808F4260056CBF5 /* XCRemoteSwiftPackageReference "firebase-ios-sdk" */;
			productName = FirebaseDynamicLinks;
		};
		9D51C02C2808F4260056CBF5 /* FirebaseFirestore */ = {
			isa = XCSwiftPackageProductDependency;
			package = 9D51C0152808F4260056CBF5 /* XCRemoteSwiftPackageReference "firebase-ios-sdk" */;
			productName = FirebaseFirestore;
		};
		9D51C02E2808F4260056CBF5 /* FirebaseFirestoreCombine-Community */ = {
			isa = XCSwiftPackageProductDependency;
			package = 9D51C0152808F4260056CBF5 /* XCRemoteSwiftPackageReference "firebase-ios-sdk" */;
			productName = "FirebaseFirestoreCombine-Community";
		};
		9D51C0302808F4260056CBF5 /* FirebaseFirestoreSwift-Beta */ = {
			isa = XCSwiftPackageProductDependency;
			package = 9D51C0152808F4260056CBF5 /* XCRemoteSwiftPackageReference "firebase-ios-sdk" */;
			productName = "FirebaseFirestoreSwift-Beta";
		};
		9D51C0322808F4260056CBF5 /* FirebaseFunctions */ = {
			isa = XCSwiftPackageProductDependency;
			package = 9D51C0152808F4260056CBF5 /* XCRemoteSwiftPackageReference "firebase-ios-sdk" */;
			productName = FirebaseFunctions;
		};
		9D51C0342808F4260056CBF5 /* FirebaseFunctionsCombine-Community */ = {
			isa = XCSwiftPackageProductDependency;
			package = 9D51C0152808F4260056CBF5 /* XCRemoteSwiftPackageReference "firebase-ios-sdk" */;
			productName = "FirebaseFunctionsCombine-Community";
		};
		9D51C0362808F4260056CBF5 /* FirebaseFunctionsSwift-Beta */ = {
			isa = XCSwiftPackageProductDependency;
			package = 9D51C0152808F4260056CBF5 /* XCRemoteSwiftPackageReference "firebase-ios-sdk" */;
			productName = "FirebaseFunctionsSwift-Beta";
		};
		9D51C0382808F4260056CBF5 /* FirebaseInAppMessaging-Beta */ = {
			isa = XCSwiftPackageProductDependency;
			package = 9D51C0152808F4260056CBF5 /* XCRemoteSwiftPackageReference "firebase-ios-sdk" */;
			productName = "FirebaseInAppMessaging-Beta";
		};
		9D51C03A2808F4260056CBF5 /* FirebaseInAppMessagingSwift-Beta */ = {
			isa = XCSwiftPackageProductDependency;
			package = 9D51C0152808F4260056CBF5 /* XCRemoteSwiftPackageReference "firebase-ios-sdk" */;
			productName = "FirebaseInAppMessagingSwift-Beta";
		};
		9D51C03C2808F4260056CBF5 /* FirebaseInstallations */ = {
			isa = XCSwiftPackageProductDependency;
			package = 9D51C0152808F4260056CBF5 /* XCRemoteSwiftPackageReference "firebase-ios-sdk" */;
			productName = FirebaseInstallations;
		};
		9D51C03E2808F4260056CBF5 /* FirebaseMLModelDownloader */ = {
			isa = XCSwiftPackageProductDependency;
			package = 9D51C0152808F4260056CBF5 /* XCRemoteSwiftPackageReference "firebase-ios-sdk" */;
			productName = FirebaseMLModelDownloader;
		};
		9D51C0402808F4260056CBF5 /* FirebaseMessaging */ = {
			isa = XCSwiftPackageProductDependency;
			package = 9D51C0152808F4260056CBF5 /* XCRemoteSwiftPackageReference "firebase-ios-sdk" */;
			productName = FirebaseMessaging;
		};
		9D51C0422808F4260056CBF5 /* FirebasePerformance */ = {
			isa = XCSwiftPackageProductDependency;
			package = 9D51C0152808F4260056CBF5 /* XCRemoteSwiftPackageReference "firebase-ios-sdk" */;
			productName = FirebasePerformance;
		};
		9D51C0442808F4260056CBF5 /* FirebaseRemoteConfig */ = {
			isa = XCSwiftPackageProductDependency;
			package = 9D51C0152808F4260056CBF5 /* XCRemoteSwiftPackageReference "firebase-ios-sdk" */;
			productName = FirebaseRemoteConfig;
		};
		9D51C0462808F4260056CBF5 /* FirebaseRemoteConfigSwift-Beta */ = {
			isa = XCSwiftPackageProductDependency;
			package = 9D51C0152808F4260056CBF5 /* XCRemoteSwiftPackageReference "firebase-ios-sdk" */;
			productName = "FirebaseRemoteConfigSwift-Beta";
		};
		9D51C0482808F4260056CBF5 /* FirebaseStorage */ = {
			isa = XCSwiftPackageProductDependency;
			package = 9D51C0152808F4260056CBF5 /* XCRemoteSwiftPackageReference "firebase-ios-sdk" */;
			productName = FirebaseStorage;
		};
		9D51C04A2808F4260056CBF5 /* FirebaseStorageCombine-Community */ = {
			isa = XCSwiftPackageProductDependency;
			package = 9D51C0152808F4260056CBF5 /* XCRemoteSwiftPackageReference "firebase-ios-sdk" */;
			productName = "FirebaseStorageCombine-Community";
		};
		9D51C04C2808F4260056CBF5 /* FirebaseStorageSwift-Beta */ = {
			isa = XCSwiftPackageProductDependency;
			package = 9D51C0152808F4260056CBF5 /* XCRemoteSwiftPackageReference "firebase-ios-sdk" */;
			productName = "FirebaseStorageSwift-Beta";
		};
		9D9A446A280CABA70002E97B /* NotificationBannerSwift */ = {
			isa = XCSwiftPackageProductDependency;
			package = 9D9A4469280CABA70002E97B /* XCRemoteSwiftPackageReference "NotificationBanner" */;
			productName = NotificationBannerSwift;
		};
/* End XCSwiftPackageProductDependency section */
	};
	rootObject = 9D51BFF42807AEA20056CBF5 /* Project object */;
}
